
Microsoft Visual Studio Solution File, Format Version 12.00
# Visual Studio Version 17
VisualStudioVersion = 17.4.33103.184
MinimumVisualStudioVersion = 10.0.40219.1
Project("{FAE04EC0-301F-11D3-BF4B-00C04F79EFBC}") = "BulkyWeb", "BulkyWeb\BulkyWeb.csproj", "{1C8D88C5-3629-4BAE-8150-5277DB023ADF}"
EndProject
Global
	GlobalSection(SolutionConfigurationPlatforms) = preSolution
		Debug|Any CPU = Debug|Any CPU
		Release|Any CPU = Release|Any CPU
	EndGlobalSection
	GlobalSection(ProjectConfigurationPlatforms) = postSolution
		{1C8D88C5-3629-4BAE-8150-5277DB023ADF}.Debug|Any CPU.ActiveCfg = Debug|Any CPU
		{1C8D88C5-3629-4BAE-8150-5277DB023ADF}.Debug|Any CPU.Build.0 = Debug|Any CPU
		{1C8D88C5-3629-4BAE-8150-5277DB023ADF}.Release|Any CPU.ActiveCfg = Release|Any CPU
		{1C8D88C5-3629-4BAE-8150-5277DB023ADF}.Release|Any CPU.Build.0 = Release|Any CPU
	EndGlobalSection
	GlobalSection(SolutionProperties) = preSolution
		HideSolutionNode = FALSE
	EndGlobalSection
	GlobalSection(ExtensibilityGlobals) = postSolution
		SolutionGuid = {0B923AD3-9DFF-4539-887F-A9E3031D047D}
	EndGlobalSection
EndGlobal
